
Microsoft Visual Studio Solution File, Format Version 12.00
# Visual Studio Version 17
VisualStudioVersion = 17.14.36930.0 d17.14
MinimumVisualStudioVersion = 10.0.40219.1
Project("{FAE04EC0-301F-11D3-BF4B-00C04F79EFBC}") = "uniproject", "uniproject.csproj", "{C2F22811-C23D-462A-AA10-EB25B7087428}"
EndProject
Project("{FAE04EC0-301F-11D3-BF4B-00C04F79EFBC}") = "infostructure", "..\SchoolApp.Repository\infostructure.csproj", "{10989991-A582-41B2-870A-1FDFD1BC9B5A}"
EndProject
Project("{FAE04EC0-301F-11D3-BF4B-00C04F79EFBC}") = "SchoolApp.Service", "..\SchoolApp.Service\SchoolApp.Service.csproj", "{B447EA0E-697D-49CC-A61D-C978905A86C0}"
EndProject
Project("{FAE04EC0-301F-11D3-BF4B-00C04F79EFBC}") = "SchoolApp.Models", "..\SchoolApp.Models\SchoolApp.Models.csproj", "{D8F03A72-088C-445F-AFB8-90C98C396907}"
EndProject
Global
	GlobalSection(SolutionConfigurationPlatforms) = preSolution
		Debug|Any CPU = Debug|Any CPU
		Release|Any CPU = Release|Any CPU
	EndGlobalSection
	GlobalSection(ProjectConfigurationPlatforms) = postSolution
		{C2F22811-C23D-462A-AA10-EB25B7087428}.Debug|Any CPU.ActiveCfg = Debug|Any CPU
		{C2F22811-C23D-462A-AA10-EB25B7087428}.Debug|Any CPU.Build.0 = Debug|Any CPU
		{C2F22811-C23D-462A-AA10-EB25B7087428}.Release|Any CPU.ActiveCfg = Release|Any CPU
		{C2F22811-C23D-462A-AA10-EB25B7087428}.Release|Any CPU.Build.0 = Release|Any CPU
		{10989991-A582-41B2-870A-1FDFD1BC9B5A}.Debug|Any CPU.ActiveCfg = Debug|Any CPU
		{10989991-A582-41B2-870A-1FDFD1BC9B5A}.Debug|Any CPU.Build.0 = Debug|Any CPU
		{10989991-A582-41B2-870A-1FDFD1BC9B5A}.Release|Any CPU.ActiveCfg = Release|Any CPU
		{10989991-A582-41B2-870A-1FDFD1BC9B5A}.Release|Any CPU.Build.0 = Release|Any CPU
		{B447EA0E-697D-49CC-A61D-C978905A86C0}.Debug|Any CPU.ActiveCfg = Debug|Any CPU
		{B447EA0E-697D-49CC-A61D-C978905A86C0}.Debug|Any CPU.Build.0 = Debug|Any CPU
		{B447EA0E-697D-49CC-A61D-C978905A86C0}.Release|Any CPU.ActiveCfg = Release|Any CPU
		{B447EA0E-697D-49CC-A61D-C978905A86C0}.Release|Any CPU.Build.0 = Release|Any CPU
		{D8F03A72-088C-445F-AFB8-90C98C396907}.Debug|Any CPU.ActiveCfg = Debug|Any CPU
		{D8F03A72-088C-445F-AFB8-90C98C396907}.Debug|Any CPU.Build.0 = Debug|Any CPU
		{D8F03A72-088C-445F-AFB8-90C98C396907}.Release|Any CPU.ActiveCfg = Release|Any CPU
		{D8F03A72-088C-445F-AFB8-90C98C396907}.Release|Any CPU.Build.0 = Release|Any CPU
	EndGlobalSection
	GlobalSection(SolutionProperties) = preSolution
		HideSolutionNode = FALSE
	EndGlobalSection
	GlobalSection(ExtensibilityGlobals) = postSolution
		SolutionGuid = {008E8DF4-7158-427B-AB0B-3413D4324D80}
	EndGlobalSection
EndGlobal
