
Microsoft Visual Studio Solution File, Format Version 12.00
# Visual Studio Version 17
VisualStudioVersion = 17.14.36930.0
MinimumVisualStudioVersion = 10.0.40219.1
Project("{FAE04EC0-301F-11D3-BF4B-00C04F79EFBC}") = "NPUALibraryCafe", "NPUALibraryCafe.csproj", "{E492A541-FCAB-4967-94D9-2B52BF0338AF}"
EndProject
Project("{FAE04EC0-301F-11D3-BF4B-00C04F79EFBC}") = "LibCafe.Domain", "..\LibCafe.Domain\LibCafe.Domain.csproj", "{4731E179-44CC-4F31-BE41-28A4BFEB5FC9}"
EndProject
Project("{FAE04EC0-301F-11D3-BF4B-00C04F79EFBC}") = "LibCafe.Infrastructure", "..\LibCafe.Infrastructure\LibCafe.Infrastructure.csproj", "{01B3D79B-E8B7-4FF3-A9E9-AF2198CB879A}"
EndProject
Global
	GlobalSection(SolutionConfigurationPlatforms) = preSolution
		Debug|Any CPU = Debug|Any CPU
		Release|Any CPU = Release|Any CPU
	EndGlobalSection
	GlobalSection(ProjectConfigurationPlatforms) = postSolution
		{E492A541-FCAB-4967-94D9-2B52BF0338AF}.Debug|Any CPU.ActiveCfg = Debug|Any CPU
		{E492A541-FCAB-4967-94D9-2B52BF0338AF}.Debug|Any CPU.Build.0 = Debug|Any CPU
		{E492A541-FCAB-4967-94D9-2B52BF0338AF}.Release|Any CPU.ActiveCfg = Release|Any CPU
		{E492A541-FCAB-4967-94D9-2B52BF0338AF}.Release|Any CPU.Build.0 = Release|Any CPU
		{4731E179-44CC-4F31-BE41-28A4BFEB5FC9}.Debug|Any CPU.ActiveCfg = Debug|Any CPU
		{4731E179-44CC-4F31-BE41-28A4BFEB5FC9}.Debug|Any CPU.Build.0 = Debug|Any CPU
		{4731E179-44CC-4F31-BE41-28A4BFEB5FC9}.Release|Any CPU.ActiveCfg = Release|Any CPU
		{4731E179-44CC-4F31-BE41-28A4BFEB5FC9}.Release|Any CPU.Build.0 = Release|Any CPU
		{01B3D79B-E8B7-4FF3-A9E9-AF2198CB879A}.Debug|Any CPU.ActiveCfg = Debug|Any CPU
		{01B3D79B-E8B7-4FF3-A9E9-AF2198CB879A}.Debug|Any CPU.Build.0 = Debug|Any CPU
		{01B3D79B-E8B7-4FF3-A9E9-AF2198CB879A}.Release|Any CPU.ActiveCfg = Release|Any CPU
		{01B3D79B-E8B7-4FF3-A9E9-AF2198CB879A}.Release|Any CPU.Build.0 = Release|Any CPU
	EndGlobalSection
	GlobalSection(SolutionProperties) = preSolution
		HideSolutionNode = FALSE
	EndGlobalSection
	GlobalSection(ExtensibilityGlobals) = postSolution
		SolutionGuid = {2D33F445-5493-441A-9AA1-D23940F64502}
	EndGlobalSection
EndGlobal
